git.defalsify.org/vise.git v0.2.3-0.20250103172917-3e190a44568d h1:bPAOVZOX4frSGhfOdcj7kc555f8dc9DmMd2YAyC2AMw=
git.defalsify.org/vise.git v0.2.3-0.20250103172917-3e190a44568d/go.mod h1:jyBMe1qTYUz3mmuoC9JQ/TvFeW0vTanCUcPu3H8p4Ck=
git.grassecon.net/grassrootseconomics/visedriver v0.8.0-beta.10.0.20250112121325-9e4c65c8b4d1 h1:RfU5/WFfPxDptlkyx4MT+4YmO79sY6HvIngUq5uwQPU=
git.grassecon.net/grassrootseconomics/visedriver v0.8.0-beta.10.0.20250112121325-9e4c65c8b4d1/go.mod h1:E6W7ZOa7ZvVr0Bc5ot0LNSwpSPYq4hXlAIvEPy3AJ7U=
github.com/barbashov/iso639-3 v0.0.0-20211020172741-1f4ffb2d8d1c h1:H9Nm+I7Cg/YVPpEV1RzU3Wq2pjamPc/UtHDgItcb7lE=
github.com/barbashov/iso639-3 v0.0.0-20211020172741-1f4ffb2d8d1c/go.mod h1:rGod7o6KPeJ+hyBpHfhi4v7blx9sf+QsHsA7KAsdN6U=
github.com/davecgh/go-spew v1.1.2-0.20180830191138-d8f796af33cc h1:U9qPSI2PIWSS1VwoXQT9A3Wy9MM3WgvqSxFWenqJduM=
github.com/davecgh/go-spew v1.1.2-0.20180830191138-d8f796af33cc/go.mod h1:J7Y8YcW2NihsgmVo/mv3lAwl/skON4iLHjSsI+c5H38=
github.com/gofrs/uuid v4.4.0+incompatible h1:3qXRTX8/NbyulANqlc0lchS1gqAVxRgsuW1YrTJupqA=
github.com/gofrs/uuid v4.4.0+incompatible/go.mod h1:b2aQJv3Z4Fp6yNu3cdSllBxTCLRxnplIgP/c0N/04lM=
github.com/grassrootseconomics/eth-custodial v1.3.0-beta h1:twrMBhl89GqDUL9PlkzQxMP/6OST1BByrNDj+rqXDmU=
github.com/grassrootseconomics/eth-custodial v1.3.0-beta/go.mod h1:7uhRcdnJplX4t6GKCEFkbeDhhjlcaGJeJqevbcvGLZo=
github.com/grassrootseconomics/ussd-data-service v1.2.0-beta h1:fn1gwbWIwHVEBtUC2zi5OqTlfI/5gU1SMk0fgGixIXk=
github.com/grassrootseconomics/ussd-data-service v1.2.0-beta/go.mod h1:omfI0QtUwIdpu9gMcUqLMCG8O1XWjqJGBx1qUMiGWC0=
github.com/joho/godotenv v1.5.1 h1:7eLL/+HRGLY0ldzfGMeQkb7vMd0as4CfYvUVzLqw0N0=
github.com/joho/godotenv v1.5.1/go.mod h1:f4LDr5Voq0i2e/R5DDNOoa2zzDfwtkZa6DnEwAbqwq4=
github.com/pmezard/go-difflib v1.0.1-0.20181226105442-5d4384ee4fb2 h1:Jamvg5psRIccs7FGNTlIRMkT8wgtp5eCXdBlqhYGL6U=
github.com/pmezard/go-difflib v1.0.1-0.20181226105442-5d4384ee4fb2/go.mod h1:iKH77koFhYxTK1pcRnkKkqfTogsbg7gZNVY4sRDYZ/4=
github.com/stretchr/objx v0.5.2 h1:xuMeJ0Sdp5ZMRXx/aWO6RZxdr3beISkG5/G/aIRr3pY=
github.com/stretchr/objx v0.5.2/go.mod h1:FRsXN1f5AsAjCGJKqEizvkpNtU+EGNCLh3NxZ/8L+MA=
github.com/stretchr/testify v1.9.0 h1:HtqpIVDClZ4nwg75+f6Lvsy/wHu+3BoSGCbBAcpTsTg=
github.com/stretchr/testify v1.9.0/go.mod h1:r2ic/lqez/lEtzL7wO/rwa5dbSLXVDPFyf8C91i36aY=
gopkg.in/check.v1 v0.0.0-20161208181325-20d25e280405 h1:yhCVgyC4o1eVCa2tZl7eS0r+SDo693bJlVdllGtEeKM=
gopkg.in/check.v1 v0.0.0-20161208181325-20d25e280405/go.mod h1:Co6ibVJAznAaIkqp8huTwlJQCZ016jof/cbN4VW5Yz0=
gopkg.in/yaml.v3 v3.0.1 h1:fxVm/GzAzEWqLHuvctI91KS9hhNmmWOoWu0XTYJS7CA=
gopkg.in/yaml.v3 v3.0.1/go.mod h1:K4uyk7z7BCEPqu6E+C64Yfv1cQ7kz7rIZviUmN+EgEM=
