git.defalsify.org/vise.git v0.2.3-0.20250204132233-2bffe532f21e h1:gtB9OdX6x5gQRM3W824dEurXuuf/YPInqgtv2KAp5Zo=
git.defalsify.org/vise.git v0.2.3-0.20250204132233-2bffe532f21e/go.mod h1:jyBMe1qTYUz3mmuoC9JQ/TvFeW0vTanCUcPu3H8p4Ck=
git.grassecon.net/grassrootseconomics/common v0.9.0-beta.1 h1:eppylYmQ9izyar0HIhb0Qbnat33EJYaH+5bFpp2PSkg=
git.grassecon.net/grassrootseconomics/common v0.9.0-beta.1/go.mod h1:wgQJZGIS6QuNLHqDhcsvehsbn5PvgV7aziRebMnJi60=
git.grassecon.net/grassrootseconomics/visedriver v0.9.0-beta.2 h1:YFztSsexCUgFo6M0tbngRwYdgJd3LQV3RO/Jw09u3+k=
git.grassecon.net/grassrootseconomics/visedriver v0.9.0-beta.2/go.mod h1:6B6ByxXOiRY0NR7K02Bf3fEu7z+2c/6q8PFVNjC5G8w=
github.com/barbashov/iso639-3 v1.0.0 h1:qCp1hUzZT8C8yHcdDo4sZQg2jHEaX6LF5H/dF9ba0qs=
github.com/barbashov/iso639-3 v1.0.0/go.mod h1:rGod7o6KPeJ+hyBpHfhi4v7blx9sf+QsHsA7KAsdN6U=
github.com/davecgh/go-spew v1.1.0/go.mod h1:J7Y8YcW2NihsgmVo/mv3lAwl/skON4iLHjSsI+c5H38=
github.com/davecgh/go-spew v1.1.2-0.20180830191138-d8f796af33cc h1:U9qPSI2PIWSS1VwoXQT9A3Wy9MM3WgvqSxFWenqJduM=
github.com/davecgh/go-spew v1.1.2-0.20180830191138-d8f796af33cc/go.mod h1:J7Y8YcW2NihsgmVo/mv3lAwl/skON4iLHjSsI+c5H38=
github.com/fxamacker/cbor/v2 v2.9.0 h1:NpKPmjDBgUfBms6tr6JZkTHtfFGcMKsw3eGcmD/sapM=
github.com/fxamacker/cbor/v2 v2.9.0/go.mod h1:vM4b+DJCtHn+zz7h3FFp/hDAI9WNWCsZj23V5ytsSxQ=
github.com/gofrs/uuid v4.4.0+incompatible h1:3qXRTX8/NbyulANqlc0lchS1gqAVxRgsuW1YrTJupqA=
github.com/gofrs/uuid v4.4.0+incompatible/go.mod h1:b2aQJv3Z4Fp6yNu3cdSllBxTCLRxnplIgP/c0N/04lM=
github.com/grassrootseconomics/eth-custodial v1.12.0-rc h1:INkXMfNUISkQ1bgnw3LwfFJn/eCdBawFU8Hx+S7mM/c=
github.com/grassrootseconomics/eth-custodial v1.12.0-rc/go.mod h1:s/vacSWFiVO7FDv76EID8sQvdT1vq+3GcWZUgU6N618=
github.com/grassrootseconomics/ussd-data-service v1.10.1-beta h1:ZrRn7gv4MVSg67hmSdiii/Y86PUIvhxtqc2luAjlA7o=
github.com/grassrootseconomics/ussd-data-service v1.10.1-beta/go.mod h1:Uigrnnwj0vaTz2az3VwHmAG7xpJgQWYTcLudLh6Zc1I=
github.com/graygnuorg/go-gdbm v0.0.0-20220711140707-71387d66dce4 h1:U4kkNYryi/qfbBF8gh7Vsbuz+cVmhf5kt6pE9bYYyLo=
github.com/graygnuorg/go-gdbm v0.0.0-20220711140707-71387d66dce4/go.mod h1:zpZDgZFzeq9s0MIeB1P50NIEWDFFHSFBohI/NbaTD/Y=
github.com/jackc/pgpassfile v1.0.0 h1:/6Hmqy13Ss2zCq62VdNG8tM1wchn8zjSGOBJ6icpsIM=
github.com/jackc/pgpassfile v1.0.0/go.mod h1:CEx0iS5ambNFdcRtxPj5JhEz+xB6uRky5eyVu/W2HEg=
github.com/jackc/pgservicefile v0.0.0-20240606120523-5a60cdf6a761 h1:iCEnooe7UlwOQYpKFhBabPMi4aNAfoODPEFNiAnClxo=
github.com/jackc/pgservicefile v0.0.0-20240606120523-5a60cdf6a761/go.mod h1:5TJZWKEWniPve33vlWYSoGYefn3gLQRzjfDlhSJ9ZKM=
github.com/jackc/pgx/v5 v5.7.6 h1:rWQc5FwZSPX58r1OQmkuaNicxdmExaEz5A2DO2hUuTk=
github.com/jackc/pgx/v5 v5.7.6/go.mod h1:aruU7o91Tc2q2cFp5h4uP3f6ztExVpyVv88Xl/8Vl8M=
github.com/jackc/puddle/v2 v2.2.2 h1:PR8nw+E/1w0GLuRFSmiioY6UooMp6KJv0/61nB7icHo=
github.com/jackc/puddle/v2 v2.2.2/go.mod h1:vriiEXHvEE654aYKXXjOvZM39qJ0q+azkZFrfEOc3H4=
github.com/joho/godotenv v1.5.1 h1:7eLL/+HRGLY0ldzfGMeQkb7vMd0as4CfYvUVzLqw0N0=
github.com/joho/godotenv v1.5.1/go.mod h1:f4LDr5Voq0i2e/R5DDNOoa2zzDfwtkZa6DnEwAbqwq4=
github.com/kr/pretty v0.3.0 h1:WgNl7dwNpEZ6jJ9k1snq4pZsg7DOEN8hP9Xw0Tsjwk0=
github.com/kr/pretty v0.3.0/go.mod h1:640gp4NfQd8pI5XOwp5fnNeVWj67G7CFk/SaSQn7NBk=
github.com/kr/text v0.2.0 h1:5Nx0Ya0ZqY2ygV366QzturHI13Jq95ApcVaJBhpS+AY=
github.com/kr/text v0.2.0/go.mod h1:eLer722TekiGuMkidMxC/pM04lWEeraHUUmBw8l2grE=
github.com/mattn/kinako v0.0.0-20170717041458-332c0a7e205a h1:0Q3H0YXzMHiciXtRcM+j0jiCe8WKPQHoRgQiRTnfcLY=
github.com/mattn/kinako v0.0.0-20170717041458-332c0a7e205a/go.mod h1:CdTTBOYzS5E4mWS1N8NWP6AHI19MP0A2B18n3hLzRMk=
github.com/pashagolub/pgxmock/v4 v4.7.0 h1:de2ORuFYyjwOQR7NBm57+321RnZxpYiuUjsmqRiqgh8=
github.com/pashagolub/pgxmock/v4 v4.7.0/go.mod h1:9L57pC193h2aKRHVyiiE817avasIPZnPwPlw3JczWvM=
github.com/peteole/testdata-loader v0.3.0 h1:8jckE9KcyNHgyv/VPoaljvKZE0Rqr8+dPVYH6rfNr9I=
github.com/peteole/testdata-loader v0.3.0/go.mod h1:Mt0ZbRtb56u8SLJpNP+BnQbENljMorYBpqlvt3cS83U=
github.com/pmezard/go-difflib v1.0.0/go.mod h1:iKH77koFhYxTK1pcRnkKkqfTogsbg7gZNVY4sRDYZ/4=
github.com/pmezard/go-difflib v1.0.1-0.20181226105442-5d4384ee4fb2 h1:Jamvg5psRIccs7FGNTlIRMkT8wgtp5eCXdBlqhYGL6U=
github.com/pmezard/go-difflib v1.0.1-0.20181226105442-5d4384ee4fb2/go.mod h1:iKH77koFhYxTK1pcRnkKkqfTogsbg7gZNVY4sRDYZ/4=
github.com/rogpeppe/go-internal v1.13.1 h1:KvO1DLK/DRN07sQ1LQKScxyZJuNnedQ5/wKSR38lUII=
github.com/rogpeppe/go-internal v1.13.1/go.mod h1:uMEvuHeurkdAXX61udpOXGD/AzZDWNMNyH2VO9fmH0o=
github.com/stretchr/objx v0.1.0/go.mod h1:HFkY916IF+rwdDfMAkV7OtwuqBVzrE8GR6GFx+wExME=
github.com/stretchr/objx v0.5.3 h1:jmXUvGomnU1o3W/V5h2VEradbpJDwGrzugQQvL0POH4=
github.com/stretchr/objx v0.5.3/go.mod h1:rDQraq+vQZU7Fde9LOZLr8Tax6zZvy4kuNKF+QYS+U0=
github.com/stretchr/testify v1.3.0/go.mod h1:M5WIy9Dh21IEIfnGCwXGc5bZfKNJtfHm1UVUgZn+9EI=
github.com/stretchr/testify v1.7.0/go.mod h1:6Fq8oRcR53rry900zMqJjRRixrwX3KX962/h/Wwjteg=
github.com/stretchr/testify v1.11.1 h1:7s2iGBzp5EwR7/aIZr8ao5+dra3wiQyKjjFuvgVKu7U=
github.com/stretchr/testify v1.11.1/go.mod h1:wZwfW3scLgRK+23gO65QZefKpKQRnfz6sD981Nm4B6U=
github.com/x448/float16 v0.8.4 h1:qLwI1I70+NjRFUR3zs1JPUCgaCXSh3SW62uAKT1mSBM=
github.com/x448/float16 v0.8.4/go.mod h1:14CWIYCyZA/cWjXOioeEpHeN/83MdbZDRQHoFcYsOfg=
golang.org/x/crypto v0.45.0 h1:jMBrvKuj23MTlT0bQEOBcAE0mjg8mK9RXFhRH6nyF3Q=
golang.org/x/crypto v0.45.0/go.mod h1:XTGrrkGJve7CYK7J8PEww4aY7gM3qMCElcJQ8n8JdX4=
golang.org/x/sync v0.18.0 h1:kr88TuHDroi+UVf+0hZnirlk8o8T+4MrK6mr60WkH/I=
golang.org/x/sync v0.18.0/go.mod h1:9KTHXmSnoGruLpwFjVSX0lNNA75CykiMECbovNTZqGI=
golang.org/x/text v0.31.0 h1:aC8ghyu4JhP8VojJ2lEHBnochRno1sgL6nEi9WGFGMM=
golang.org/x/text v0.31.0/go.mod h1:tKRAlv61yKIjGGHX/4tP1LTbc13YSec1pxVEWXzfoeM=
gopkg.in/check.v1 v0.0.0-20161208181325-20d25e280405/go.mod h1:Co6ibVJAznAaIkqp8huTwlJQCZ016jof/cbN4VW5Yz0=
gopkg.in/check.v1 v1.0.0-20201130134442-10cb98267c6c h1:Hei/4ADfdWqJk1ZMxUNpqntNwaWcugrBjAiHlqqRiVk=
gopkg.in/check.v1 v1.0.0-20201130134442-10cb98267c6c/go.mod h1:JHkPIbrfpd72SG/EVd6muEfDQjcINNoR0C8j2r3qZ4Q=
gopkg.in/leonelquinteros/gotext.v1 v1.3.1 h1:8d9/fdTG0kn/B7NNGV1BsEyvektXFAbkMsTZS2sFSCc=
gopkg.in/leonelquinteros/gotext.v1 v1.3.1/go.mod h1:X1WlGDeAFIYsW6GjgMm4VwUwZ2XjI7Zan2InxSUQWrU=
gopkg.in/yaml.v3 v3.0.0-20200313102051-9f266ea9e77c/go.mod h1:K4uyk7z7BCEPqu6E+C64Yfv1cQ7kz7rIZviUmN+EgEM=
gopkg.in/yaml.v3 v3.0.1 h1:fxVm/GzAzEWqLHuvctI91KS9hhNmmWOoWu0XTYJS7CA=
gopkg.in/yaml.v3 v3.0.1/go.mod h1:K4uyk7z7BCEPqu6E+C64Yfv1cQ7kz7rIZviUmN+EgEM=
